hash: 1f730b1fbbd8a4a9ba8464f61b3f0cf39229af4e424568327a86a1e8878b2f0b
updated: 2016-09-02T00:14:50.730166141+02:00
imports:
- name: github.com/bborbe/auth
  version: 9abb0bed31c3a8807cac37edbe9e6bf2bc893a8a
  subpackages:
  - client/verify_group_service
  - model
  - v1
- name: github.com/bborbe/flagenv
  version: 96aab95bb1341e7a7ccf9160e49792e2ad3b0e08
- name: github.com/bborbe/http
  version: addca5fc2e2de1bef39a64990873806e7fc9c0a9
  subpackages:
  - client_builder
  - header
  - requestbuilder
- name: github.com/bborbe/http_handler
  version: df5b212a57f6c46aeab49814023a5fcfe1ce806b
  subpackages:
  - auth_basic
  - auth_html
  - debug
- name: github.com/facebookgo/clock
  version: 600d898af40aa09a7a93ecb9265d87b0504b6f03
- name: github.com/facebookgo/grace
  version: 053ab5d25436faedf3fe76fbf3da797c8c27c659
  subpackages:
  - gracehttp
  - gracenet
- name: github.com/facebookgo/httpdown
  version: a3b1354551a26449fbe05f5d855937f6e7acbd71
- name: github.com/facebookgo/stats
  version: 1b76add642e42c6ffba7211ad7b3939ce654526e
- name: github.com/golang/glog
  version: 23def4e6c14b4da8ac2ed8007337bc5eb5007998
- name: github.com/jtblin/go-ldap-client
  version: 34a022a1bd911acbf4b00ad3a9d9a5fe01956086
- name: gopkg.in/asn1-ber.v1
  version: 4e86f4367175e39f69d9358a5f17b4dda270378d
- name: gopkg.in/ldap.v2
  version: d0a5ced67b4dc310b9158d63a2c6f9c5ec13f105
testImports:
- name: github.com/bborbe/assert
  version: 2db035a4c0870f6f48d1955f7b9542f9dbd4fb64
