hash: 5ad7e7ad7cdb379fc8fb07c2f5c3333831cd9bba0a6f42c90187e84fccad6148
updated: 2016-08-26T11:33:33.249866987+02:00
imports:
- name: github.com/bborbe/auth
  version: c91b188aa97ba9b918fd8e4478d3caa8aaed4c92
  subpackages:
  - client/verify_group_service
  - model
  - v1
- name: github.com/bborbe/flagenv
  version: 9c2510a4cb99b118da34234aaf15e36db8adfea6
- name: github.com/bborbe/http
  version: b54fc8e4b8b3e888d35de4b61d9cf34c2ff0bd7f
  subpackages:
  - client_builder
  - header
  - requestbuilder
- name: github.com/bborbe/http_handler
  version: ab55278d59bc71960461045464a26847a74d1f27
  subpackages:
  - auth_basic
  - debug
- name: github.com/bborbe/io
  version: b820f8cb162c3389b0d47c5435cf395c8b9fb3ee
  subpackages:
  - buffered_writer
- name: github.com/bborbe/log
  version: cc95799e15d974f9b58a5dae13bf6127e5d524f9
- name: github.com/facebookgo/clock
  version: 600d898af40aa09a7a93ecb9265d87b0504b6f03
- name: github.com/facebookgo/grace
  version: 053ab5d25436faedf3fe76fbf3da797c8c27c659
  subpackages:
  - gracehttp
  - gracenet
- name: github.com/facebookgo/httpdown
  version: a3b1354551a26449fbe05f5d855937f6e7acbd71
- name: github.com/facebookgo/stats
  version: 1b76add642e42c6ffba7211ad7b3939ce654526e
testImports:
- name: github.com/bborbe/assert
  version: 639eac9a24e3c01472758f3c79452b8517bc29f6
