hash: c3889e5408be233cbe1712778fd9635ab842299f1fca06cf0581a9ddc5f402ac
updated: 2016-10-07T16:02:50.783968255+02:00
imports:
- name: github.com/bborbe/auth
  version: 4b66f8d40501820acfe4e3e56aee820f837c0964
  subpackages:
  - client/verify_group_service
  - model
  - v1
- name: github.com/bborbe/flagenv
  version: 96aab95bb1341e7a7ccf9160e49792e2ad3b0e08
- name: github.com/bborbe/http
  version: 356ba8175de4264aedb8337322827961b7c3e927
  subpackages:
  - client_builder
  - header
  - requestbuilder
- name: github.com/bborbe/http_handler
  version: e2ac3d85129420f19725ac9918b1130eb93be7f2
  subpackages:
  - auth_basic
  - auth_html
  - check
  - debug
  - forward
  - static
- name: github.com/facebookgo/clock
  version: 600d898af40aa09a7a93ecb9265d87b0504b6f03
- name: github.com/facebookgo/grace
  version: 5729e484473f52048578af1b80d0008c7024089b
  subpackages:
  - gracehttp
  - gracenet
- name: github.com/facebookgo/httpdown
  version: a3b1354551a26449fbe05f5d855937f6e7acbd71
- name: github.com/facebookgo/stats
  version: 1b76add642e42c6ffba7211ad7b3939ce654526e
- name: github.com/golang/glog
  version: 23def4e6c14b4da8ac2ed8007337bc5eb5007998
- name: github.com/gorilla/context
  version: 08b5f424b9271eedf6f9f0ce86cb9396ed337a42
- name: github.com/gorilla/mux
  version: 757bef944d0f21880861c2dd9c871ca543023cba
- name: github.com/jtblin/go-ldap-client
  version: cdfec42bc92d4b53c07737bdee28d5568e40169b
  repo: https://github.com/bborbe/go-ldap-client.git
  vcs: git
- name: github.com/wunderlist/ttlcache
  version: fa8f18d5e019f6bdf076153e60dccf2c6fc7ccf5
- name: go.jona.me/crowd
  version: ce747c719e95002846f6977ab5d555fb6befd7bf
- name: gopkg.in/asn1-ber.v1
  version: 4e86f4367175e39f69d9358a5f17b4dda270378d
- name: gopkg.in/ldap.v2
  version: d0a5ced67b4dc310b9158d63a2c6f9c5ec13f105
testImports:
- name: github.com/bborbe/assert
  version: d2b3a7c4c731ac8cc63c6f5a1ea7d401e7547d42
