# This file is autogenerated, do not edit; changes may be undone by the next 'dep ensure'.


[[projects]]
  branch = "master"
  name = "github.com/bborbe/assert"
  packages = ["."]
  revision = "765570a0aaf5913880d33fee2dd7e4c52b294021"

[[projects]]
  branch = "master"
  name = "github.com/bborbe/flagenv"
  packages = ["."]
  revision = "9802daecc09b210cf93fd4cf3d57097663876b0a"

[[projects]]
  branch = "master"
  name = "github.com/bborbe/http"
  packages = [
    "client_builder",
    "header"
  ]
  revision = "d0d8e291febd74ef570713bd2492380e953afdc1"

[[projects]]
  branch = "master"
  name = "github.com/bborbe/http_handler"
  packages = [
    "auth_basic",
    "auth_html",
    "check",
    "debug",
    "forward"
  ]
  revision = "7166a791ebfd5ef0f02c5c870c2ceb84e5fadab9"

[[projects]]
  branch = "master"
  name = "github.com/facebookgo/clock"
  packages = ["."]
  revision = "600d898af40aa09a7a93ecb9265d87b0504b6f03"

[[projects]]
  branch = "master"
  name = "github.com/facebookgo/grace"
  packages = [
    "gracehttp",
    "gracenet"
  ]
  revision = "4afe952a37a495ae4ac0c1d4ce5f66e91058d149"

[[projects]]
  branch = "master"
  name = "github.com/facebookgo/httpdown"
  packages = ["."]
  revision = "a3b1354551a26449fbe05f5d855937f6e7acbd71"

[[projects]]
  branch = "master"
  name = "github.com/facebookgo/stats"
  packages = ["."]
  revision = "1b76add642e42c6ffba7211ad7b3939ce654526e"

[[projects]]
  branch = "master"
  name = "github.com/golang/glog"
  packages = ["."]
  revision = "23def4e6c14b4da8ac2ed8007337bc5eb5007998"

[[projects]]
  name = "github.com/gorilla/context"
  packages = ["."]
  revision = "08b5f424b9271eedf6f9f0ce86cb9396ed337a42"
  version = "v1.1.1"

[[projects]]
  name = "github.com/gorilla/mux"
  packages = ["."]
  revision = "e3702bed27f0d39777b0b37b664b6280e8ef8fbf"
  version = "v1.6.2"

[[projects]]
  branch = "master"
  name = "github.com/jtblin/go-ldap-client"
  packages = ["."]
  revision = "fc19caea533a2665399d24c1bd14b651bb492c00"
  source = "https://github.com/bborbe/go-ldap-client.git"

[[projects]]
  branch = "master"
  name = "github.com/wunderlist/ttlcache"
  packages = ["."]
  revision = "fa8f18d5e019f6bdf076153e60dccf2c6fc7ccf5"

[[projects]]
  branch = "master"
  name = "go.jona.me/crowd"
  packages = ["."]
  revision = "9c6f17811dc667cb6f68da56b22d2fe81c5f43d1"
  source = "https://github.com/jda/go-crowd.git"

[[projects]]
  name = "gopkg.in/asn1-ber.v1"
  packages = ["."]
  revision = "379148ca0225df7a432012b8df0355c2a2063ac0"
  version = "v1.2"

[[projects]]
  name = "gopkg.in/ldap.v2"
  packages = ["."]
  revision = "bb7a9ca6e4fbc2129e3db588a34bc970ffe811a9"
  version = "v2.5.1"

[solve-meta]
  analyzer-name = "dep"
  analyzer-version = 1
  inputs-digest = "933aadc30c556ab52a1c02b5f4085498566cefde93cb28f0bd5ed357467b09be"
  solver-name = "gps-cdcl"
  solver-version = 1
