# This file is autogenerated, do not edit; changes may be undone by the next 'dep ensure'.


[[projects]]
  branch = "master"
  digest = "1:4b3aa9e7bdcc1bab1d9674d692d4333b9ca81d6f7147b64d0151bf84efdcb837"
  name = "github.com/bborbe/assert"
  packages = ["."]
  pruneopts = "UT"
  revision = "22a6c6341415573bf3e46e05aabb0850403bed2b"

[[projects]]
  branch = "master"
  digest = "1:a5a7d0b0cda13e9cef2e025a1cca547b6409b38bd7cbbadc39d1de829b592381"
  name = "github.com/bborbe/flagenv"
  packages = ["."]
  pruneopts = "UT"
  revision = "2956c4545608fea556c77ca58fcb1cda499defff"

[[projects]]
  branch = "master"
  digest = "1:f0de4e304d8677d5b6f3862e28ca99114c8e69edb2547b645a7d8857b4b40ece"
  name = "github.com/bborbe/http"
  packages = [
    "client_builder",
    "header",
  ]
  pruneopts = "UT"
  revision = "efee63a8d109311e9e85d69c3d49e3f99fb70996"

[[projects]]
  branch = "master"
  digest = "1:623be5c70c733a4082c79a41dcabbd7660fd87c4bf03d0d1ea1d808f5fdc5112"
  name = "github.com/bborbe/http_handler"
  packages = [
    "auth_basic",
    "auth_html",
    "check",
    "debug",
    "forward",
  ]
  pruneopts = "UT"
  revision = "861e6ad8d83bb10af8b3959fac571a43bc202f70"

[[projects]]
  branch = "master"
  digest = "1:5fe3f6ede1c208a2efd3b78fe4df0306aa9624edd39476143d14f0326e5a8d29"
  name = "github.com/facebookgo/clock"
  packages = ["."]
  pruneopts = "UT"
  revision = "600d898af40aa09a7a93ecb9265d87b0504b6f03"

[[projects]]
  branch = "master"
  digest = "1:1f21d86648746b776eae0dff77e4cafa2d9ccec0f0f1248c48306231ee800674"
  name = "github.com/facebookgo/grace"
  packages = [
    "gracehttp",
    "gracenet",
  ]
  pruneopts = "UT"
  revision = "75cf19382434e82df4dd84953f566b8ad23d6e9e"

[[projects]]
  branch = "master"
  digest = "1:17cb421603403a24edb0c7eeb382295dd31c72ab9ccf31cf7f0a37971f00aaa7"
  name = "github.com/facebookgo/httpdown"
  packages = ["."]
  pruneopts = "UT"
  revision = "5979d39b15c26299dc282711b0d65b113daccea6"

[[projects]]
  branch = "master"
  digest = "1:02c7a4e944d94d6b80f51517158d10633b10775f528a3b7bdfc658d6f92415bd"
  name = "github.com/facebookgo/stats"
  packages = ["."]
  pruneopts = "UT"
  revision = "1b76add642e42c6ffba7211ad7b3939ce654526e"

[[projects]]
  branch = "master"
  digest = "1:1ba1d79f2810270045c328ae5d674321db34e3aae468eb4233883b473c5c0467"
  name = "github.com/golang/glog"
  packages = ["."]
  pruneopts = "UT"
  revision = "23def4e6c14b4da8ac2ed8007337bc5eb5007998"

[[projects]]
  digest = "1:ca59b1175189b3f0e9f1793d2c350114be36eaabbe5b9f554b35edee1de50aea"
  name = "github.com/gorilla/mux"
  packages = ["."]
  pruneopts = "UT"
  revision = "a7962380ca08b5a188038c69871b8d3fbdf31e89"
  version = "v1.7.0"

[[projects]]
  branch = "master"
  digest = "1:e40bc66ce313eec50a0eb99311ffa366f5783c2e48b2dec4a8909eecbab66c96"
  name = "github.com/jtblin/go-ldap-client"
  packages = ["."]
  pruneopts = "UT"
  revision = "fc19caea533a2665399d24c1bd14b651bb492c00"
  source = "https://github.com/bborbe/go-ldap-client.git"

[[projects]]
  branch = "master"
  digest = "1:23d1f7ed9a2334d19c0853593e99dfba83e5e74702ff4111c9c7047f2263b304"
  name = "github.com/wunderlist/ttlcache"
  packages = ["."]
  pruneopts = "UT"
  revision = "7dbceb0d509466e07d5d066ea0859f1d8fc8f2fd"

[[projects]]
  branch = "master"
  digest = "1:5277b7f1c8214993f74f0940bea37ccc75a955cfa37b5a26967bd6972109bfdf"
  name = "go.jona.me/crowd"
  packages = ["."]
  pruneopts = "UT"
  revision = "9c6f17811dc667cb6f68da56b22d2fe81c5f43d1"
  source = "https://github.com/jda/go-crowd.git"

[[projects]]
  digest = "1:af07c44dc04418be522bfd4e21ca9130d58169ea084e3a883e23772003a381c4"
  name = "gopkg.in/asn1-ber.v1"
  packages = ["."]
  pruneopts = "UT"
  revision = "f715ec2f112d1e4195b827ad68cf44017a3ef2b1"
  version = "v1.3"

[[projects]]
  digest = "1:93aaeb913621a3a53aaa78592c00f46d63e3bb0ea76e2d9b07327b50959a5778"
  name = "gopkg.in/ldap.v2"
  packages = ["."]
  pruneopts = "UT"
  revision = "bb7a9ca6e4fbc2129e3db588a34bc970ffe811a9"
  version = "v2.5.1"

[solve-meta]
  analyzer-name = "dep"
  analyzer-version = 1
  input-imports = [
    "github.com/bborbe/assert",
    "github.com/bborbe/flagenv",
    "github.com/bborbe/http/client_builder",
    "github.com/bborbe/http_handler/auth_basic",
    "github.com/bborbe/http_handler/auth_html",
    "github.com/bborbe/http_handler/check",
    "github.com/bborbe/http_handler/debug",
    "github.com/bborbe/http_handler/forward",
    "github.com/facebookgo/grace/gracehttp",
    "github.com/golang/glog",
    "github.com/gorilla/mux",
    "github.com/jtblin/go-ldap-client",
    "github.com/wunderlist/ttlcache",
    "go.jona.me/crowd",
  ]
  solver-name = "gps-cdcl"
  solver-version = 1
