# This file is autogenerated, do not edit; changes may be undone by the next 'dep ensure'.


[[projects]]
  branch = "master"
  name = "github.com/bborbe/assert"
  packages = ["."]
  revision = "765570a0aaf5913880d33fee2dd7e4c52b294021"

[[projects]]
  branch = "master"
  name = "github.com/bborbe/flagenv"
  packages = ["."]
  revision = "4bf10dbe62f41ce40353a70225a84decfd16d3ac"

[[projects]]
  branch = "master"
  name = "github.com/bborbe/http"
  packages = [
    "client_builder",
    "header"
  ]
  revision = "b783a5e87f98911552ef543db3624f3ce52d79c1"

[[projects]]
  branch = "master"
  name = "github.com/bborbe/http_handler"
  packages = [
    "auth_basic",
    "auth_html",
    "check",
    "debug",
    "forward"
  ]
  revision = "6bc0de354fca9a13177217df55a32e4e2ba0715f"

[[projects]]
  branch = "master"
  name = "github.com/facebookgo/clock"
  packages = ["."]
  revision = "600d898af40aa09a7a93ecb9265d87b0504b6f03"

[[projects]]
  branch = "master"
  name = "github.com/facebookgo/grace"
  packages = [
    "gracehttp",
    "gracenet"
  ]
  revision = "4afe952a37a495ae4ac0c1d4ce5f66e91058d149"

[[projects]]
  branch = "master"
  name = "github.com/facebookgo/httpdown"
  packages = ["."]
  revision = "a3b1354551a26449fbe05f5d855937f6e7acbd71"

[[projects]]
  branch = "master"
  name = "github.com/facebookgo/stats"
  packages = ["."]
  revision = "1b76add642e42c6ffba7211ad7b3939ce654526e"

[[projects]]
  branch = "master"
  name = "github.com/golang/glog"
  packages = ["."]
  revision = "23def4e6c14b4da8ac2ed8007337bc5eb5007998"

[[projects]]
  name = "github.com/gorilla/context"
  packages = ["."]
  revision = "1ea25387ff6f684839d82767c1733ff4d4d15d0a"
  version = "v1.1"

[[projects]]
  name = "github.com/gorilla/mux"
  packages = ["."]
  revision = "53c1911da2b537f792e7cafcb446b05ffe33b996"
  version = "v1.6.1"

[[projects]]
  branch = "master"
  name = "github.com/jtblin/go-ldap-client"
  packages = ["."]
  revision = "1d1b0117de0507d82f70ebf37d439647549588f2"
  source = "https://github.com/bborbe/go-ldap-client.git"

[[projects]]
  branch = "master"
  name = "github.com/wunderlist/ttlcache"
  packages = ["."]
  revision = "fa8f18d5e019f6bdf076153e60dccf2c6fc7ccf5"

[[projects]]
  branch = "master"
  name = "go.jona.me/crowd"
  packages = ["."]
  revision = "9c6f17811dc667cb6f68da56b22d2fe81c5f43d1"
  source = "https://github.com/jda/go-crowd.git"

[[projects]]
  name = "gopkg.in/asn1-ber.v1"
  packages = ["."]
  revision = "379148ca0225df7a432012b8df0355c2a2063ac0"
  version = "v1.2"

[[projects]]
  name = "gopkg.in/ldap.v2"
  packages = ["."]
  revision = "bb7a9ca6e4fbc2129e3db588a34bc970ffe811a9"
  version = "v2.5.1"

[solve-meta]
  analyzer-name = "dep"
  analyzer-version = 1
  inputs-digest = "933aadc30c556ab52a1c02b5f4085498566cefde93cb28f0bd5ed357467b09be"
  solver-name = "gps-cdcl"
  solver-version = 1
